// !$*UTF8*$!
{
	archiveVersion = 1;
	classes = {
	};
	objectVersion = 48;
	objects = {

/* Begin PBXBuildFile section */
		1894DA6D1F79726000E2304E /* TKGMockData.m in Sources */ = {isa = PBXBuildFile; fileRef = 1894DA6C1F79726000E2304E /* TKGMockData.m */; };
		1894DA701F7982A500E2304E /* TKGNetworkClient.m in Sources */ = {isa = PBXBuildFile; fileRef = 1894DA6F1F7982A500E2304E /* TKGNetworkClient.m */; };
		1894DA731F79888800E2304E /* TKGFileSystemController.m in Sources */ = {isa = PBXBuildFile; fileRef = 1894DA721F79888800E2304E /* TKGFileSystemController.m */; };
		18CA6F1E1F796375005123EA /* AppDelegate.m in Sources */ = {isa = PBXBuildFile; fileRef = 18CA6F1D1F796375005123EA /* AppDelegate.m */; };
		18CA6F241F796375005123EA /* Main.storyboard in Resources */ = {isa = PBXBuildFile; fileRef = 18CA6F221F796375005123EA /* Main.storyboard */; };
		18CA6F261F796375005123EA /* Assets.xcassets in Resources */ = {isa = PBXBuildFile; fileRef = 18CA6F251F796375005123EA /* Assets.xcassets */; };
		18CA6F291F796375005123EA /* LaunchScreen.storyboard in Resources */ = {isa = PBXBuildFile; fileRef = 18CA6F271F796375005123EA /* LaunchScreen.storyboard */; };
		18CA6F2C1F796375005123EA /* main.m in Sources */ = {isa = PBXBuildFile; fileRef = 18CA6F2B1F796375005123EA /* main.m */; };
		18CA6F3A1F796C00005123EA /* TKGFetchURLContentsViewController.m in Sources */ = {isa = PBXBuildFile; fileRef = 18CA6F391F796C00005123EA /* TKGFetchURLContentsViewController.m */; };
		18CA6F3D1F796C26005123EA /* TKGURLContentsListViewController.m in Sources */ = {isa = PBXBuildFile; fileRef = 18CA6F3C1F796C26005123EA /* TKGURLContentsListViewController.m */; };
		18CA6F431F796C91005123EA /* TKGURLContents.m in Sources */ = {isa = PBXBuildFile; fileRef = 18CA6F421F796C91005123EA /* TKGURLContents.m */; };
		18CA6F461F796CA8005123EA /* TKGURLContentsController.m in Sources */ = {isa = PBXBuildFile; fileRef = 18CA6F451F796CA8005123EA /* TKGURLContentsController.m */; };
		18CA6F491F796CEC005123EA /* TKGURLPuller.m in Sources */ = {isa = PBXBuildFile; fileRef = 18CA6F481F796CEC005123EA /* TKGURLPuller.m */; };
		18CA6F4D1F796DEC005123EA /* TKGActivityIndicator.m in Sources */ = {isa = PBXBuildFile; fileRef = 18CA6F4C1F796DEC005123EA /* TKGActivityIndicator.m */; };
		18CA6F511F796F6D005123EA /* TKGURLContentsListDataProvider.m in Sources */ = {isa = PBXBuildFile; fileRef = 18CA6F501F796F6D005123EA /* TKGURLContentsListDataProvider.m */; };
		18E52BF31F7AA6F100461F3E /* TKGURLContentsTableViewCell.m in Sources */ = {isa = PBXBuildFile; fileRef = 18E52BF21F7AA6F100461F3E /* TKGURLContentsTableViewCell.m */; };
		18EFB49C1F79C6E40003AB19 /* Info.plist in Resources */ = {isa = PBXBuildFile; fileRef = 18CA6F2A1F796375005123EA /* Info.plist */; };
/* End PBXBuildFile section */

/* Begin PBXFileReference section */
		1894DA6B1F79726000E2304E /* TKGMockData.h */ = {isa = PBXFileReference; lastKnownFileType = sourcecode.c.h; path = TKGMockData.h; sourceTree = "<group>"; };
		1894DA6C1F79726000E2304E /* TKGMockData.m */ = {isa = PBXFileReference; lastKnownFileType = sourcecode.c.objc; path = TKGMockData.m; sourceTree = "<group>"; };
		1894DA6E1F7982A500E2304E /* TKGNetworkClient.h */ = {isa = PBXFileReference; lastKnownFileType = sourcecode.c.h; path = TKGNetworkClient.h; sourceTree = "<group>"; };
		1894DA6F1F7982A500E2304E /* TKGNetworkClient.m */ = {isa = PBXFileReference; lastKnownFileType = sourcecode.c.objc; path = TKGNetworkClient.m; sourceTree = "<group>"; };
		1894DA711F79888800E2304E /* TKGFileSystemController.h */ = {isa = PBXFileReference; lastKnownFileType = sourcecode.c.h; path = TKGFileSystemController.h; sourceTree = "<group>"; };
		1894DA721F79888800E2304E /* TKGFileSystemController.m */ = {isa = PBXFileReference; lastKnownFileType = sourcecode.c.objc; path = TKGFileSystemController.m; sourceTree = "<group>"; };
		18CA6F191F796375005123EA /* URLPuller.app */ = {isa = PBXFileReference; explicitFileType = wrapper.application; includeInIndex = 0; path = URLPuller.app; sourceTree = BUILT_PRODUCTS_DIR; };
		18CA6F1C1F796375005123EA /* AppDelegate.h */ = {isa = PBXFileReference; lastKnownFileType = sourcecode.c.h; path = AppDelegate.h; sourceTree = "<group>"; };
		18CA6F1D1F796375005123EA /* AppDelegate.m */ = {isa = PBXFileReference; lastKnownFileType = sourcecode.c.objc; path = AppDelegate.m; sourceTree = "<group>"; };
		18CA6F231F796375005123EA /* Base */ = {isa = PBXFileReference; lastKnownFileType = file.storyboard; name = Base; path = Base.lproj/Main.storyboard; sourceTree = "<group>"; };
		18CA6F251F796375005123EA /* Assets.xcassets */ = {isa = PBXFileReference; lastKnownFileType = folder.assetcatalog; path = Assets.xcassets; sourceTree = "<group>"; };
		18CA6F281F796375005123EA /* Base */ = {isa = PBXFileReference; lastKnownFileType = file.storyboard; name = Base; path = Base.lproj/LaunchScreen.storyboard; sourceTree = "<group>"; };
		18CA6F2A1F796375005123EA /* Info.plist */ = {isa = PBXFileReference; lastKnownFileType = text.plist.xml; path = Info.plist; sourceTree = "<group>"; };
		18CA6F2B1F796375005123EA /* main.m */ = {isa = PBXFileReference; lastKnownFileType = sourcecode.c.objc; path = main.m; sourceTree = "<group>"; };
		18CA6F381F796C00005123EA /* TKGFetchURLContentsViewController.h */ = {isa = PBXFileReference; lastKnownFileType = sourcecode.c.h; path = TKGFetchURLContentsViewController.h; sourceTree = "<group>"; };
		18CA6F391F796C00005123EA /* TKGFetchURLContentsViewController.m */ = {isa = PBXFileReference; lastKnownFileType = sourcecode.c.objc; path = TKGFetchURLContentsViewController.m; sourceTree = "<group>"; };
		18CA6F3B1F796C26005123EA /* TKGURLContentsListViewController.h */ = {isa = PBXFileReference; lastKnownFileType = sourcecode.c.h; path = TKGURLContentsListViewController.h; sourceTree = "<group>"; };
		18CA6F3C1F796C26005123EA /* TKGURLContentsListViewController.m */ = {isa = PBXFileReference; lastKnownFileType = sourcecode.c.objc; path = TKGURLContentsListViewController.m; sourceTree = "<group>"; };
		18CA6F411F796C91005123EA /* TKGURLContents.h */ = {isa = PBXFileReference; lastKnownFileType = sourcecode.c.h; path = TKGURLContents.h; sourceTree = "<group>"; };
		18CA6F421F796C91005123EA /* TKGURLContents.m */ = {isa = PBXFileReference; lastKnownFileType = sourcecode.c.objc; path = TKGURLContents.m; sourceTree = "<group>"; };
		18CA6F441F796CA8005123EA /* TKGURLContentsController.h */ = {isa = PBXFileReference; lastKnownFileType = sourcecode.c.h; path = TKGURLContentsController.h; sourceTree = "<group>"; };
		18CA6F451F796CA8005123EA /* TKGURLContentsController.m */ = {isa = PBXFileReference; lastKnownFileType = sourcecode.c.objc; path = TKGURLContentsController.m; sourceTree = "<group>"; };
		18CA6F471F796CEC005123EA /* TKGURLPuller.h */ = {isa = PBXFileReference; lastKnownFileType = sourcecode.c.h; path = TKGURLPuller.h; sourceTree = "<group>"; };
		18CA6F481F796CEC005123EA /* TKGURLPuller.m */ = {isa = PBXFileReference; lastKnownFileType = sourcecode.c.objc; path = TKGURLPuller.m; sourceTree = "<group>"; };
		18CA6F4B1F796DEC005123EA /* TKGActivityIndicator.h */ = {isa = PBXFileReference; lastKnownFileType = sourcecode.c.h; path = TKGActivityIndicator.h; sourceTree = "<group>"; };
		18CA6F4C1F796DEC005123EA /* TKGActivityIndicator.m */ = {isa = PBXFileReference; lastKnownFileType = sourcecode.c.objc; path = TKGActivityIndicator.m; sourceTree = "<group>"; };
		18CA6F4F1F796F6D005123EA /* TKGURLContentsListDataProvider.h */ = {isa = PBXFileReference; lastKnownFileType = sourcecode.c.h; path = TKGURLContentsListDataProvider.h; sourceTree = "<group>"; };
		18CA6F501F796F6D005123EA /* TKGURLContentsListDataProvider.m */ = {isa = PBXFileReference; lastKnownFileType = sourcecode.c.objc; path = TKGURLContentsListDataProvider.m; sourceTree = "<group>"; };
		18E52BF11F7AA6F100461F3E /* TKGURLContentsTableViewCell.h */ = {isa = PBXFileReference; lastKnownFileType = sourcecode.c.h; path = TKGURLContentsTableViewCell.h; sourceTree = "<group>"; };
		18E52BF21F7AA6F100461F3E /* TKGURLContentsTableViewCell.m */ = {isa = PBXFileReference; lastKnownFileType = sourcecode.c.objc; path = TKGURLContentsTableViewCell.m; sourceTree = "<group>"; };
/* End PBXFileReference section */

/* Begin PBXFrameworksBuildPhase section */
		18CA6F161F796375005123EA /* Frameworks */ = {
			isa = PBXFrameworksBuildPhase;
			buildActionMask = 2147483647;
			files = (
			);
			runOnlyForDeploymentPostprocessing = 0;
		};
/* End PBXFrameworksBuildPhase section */

/* Begin PBXGroup section */
		18CA6F101F796375005123EA = {
			isa = PBXGroup;
			children = (
				18CA6F1B1F796375005123EA /* URLPuller */,
				18CA6F1A1F796375005123EA /* Products */,
			);
			sourceTree = "<group>";
		};
		18CA6F1A1F796375005123EA /* Products */ = {
			isa = PBXGroup;
			children = (
				18CA6F191F796375005123EA /* URLPuller.app */,
			);
			name = Products;
			sourceTree = "<group>";
		};
		18CA6F1B1F796375005123EA /* URLPuller */ = {
			isa = PBXGroup;
			children = (
				18CA6F331F7965D2005123EA /* Storyboards */,
				18CA6F4A1F796DCF005123EA /* View */,
				18CA6F351F7965E7005123EA /* Model */,
				18CA6F321F7965B4005123EA /* ViewController */,
				18CA6F4E1F796F22005123EA /* DataProviders */,
				18CA6F361F7965ED005123EA /* ModelController */,
				18CA6F371F7965F2005123EA /* SupportControllers */,
				18CA6F341F7965E0005123EA /* Resources */,
				18CA6F2A1F796375005123EA /* Info.plist */,
			);
			path = URLPuller;
			sourceTree = "<group>";
		};
		18CA6F321F7965B4005123EA /* ViewController */ = {
			isa = PBXGroup;
			children = (
				18CA6F381F796C00005123EA /* TKGFetchURLContentsViewController.h */,
				18CA6F391F796C00005123EA /* TKGFetchURLContentsViewController.m */,
				18CA6F3B1F796C26005123EA /* TKGURLContentsListViewController.h */,
				18CA6F3C1F796C26005123EA /* TKGURLContentsListViewController.m */,
			);
			path = ViewController;
			sourceTree = "<group>";
		};
		18CA6F331F7965D2005123EA /* Storyboards */ = {
			isa = PBXGroup;
			children = (
				18CA6F221F796375005123EA /* Main.storyboard */,
				18CA6F271F796375005123EA /* LaunchScreen.storyboard */,
			);
			path = Storyboards;
			sourceTree = "<group>";
		};
		18CA6F341F7965E0005123EA /* Resources */ = {
			isa = PBXGroup;
			children = (
				18CA6F251F796375005123EA /* Assets.xcassets */,
				18CA6F1C1F796375005123EA /* AppDelegate.h */,
				18CA6F1D1F796375005123EA /* AppDelegate.m */,
				18CA6F2B1F796375005123EA /* main.m */,
			);
			path = Resources;
			sourceTree = "<group>";
		};
		18CA6F351F7965E7005123EA /* Model */ = {
			isa = PBXGroup;
			children = (
				18CA6F411F796C91005123EA /* TKGURLContents.h */,
				18CA6F421F796C91005123EA /* TKGURLContents.m */,
				1894DA6B1F79726000E2304E /* TKGMockData.h */,
				1894DA6C1F79726000E2304E /* TKGMockData.m */,
			);
			path = Model;
			sourceTree = "<group>";
		};
		18CA6F361F7965ED005123EA /* ModelController */ = {
			isa = PBXGroup;
			children = (
				18CA6F441F796CA8005123EA /* TKGURLContentsController.h */,
				18CA6F451F796CA8005123EA /* TKGURLContentsController.m */,
			);
			path = ModelController;
			sourceTree = "<group>";
		};
		18CA6F371F7965F2005123EA /* SupportControllers */ = {
			isa = PBXGroup;
			children = (
				18CA6F471F796CEC005123EA /* TKGURLPuller.h */,
				18CA6F481F796CEC005123EA /* TKGURLPuller.m */,
				1894DA6E1F7982A500E2304E /* TKGNetworkClient.h */,
				1894DA6F1F7982A500E2304E /* TKGNetworkClient.m */,
				1894DA711F79888800E2304E /* TKGFileSystemController.h */,
				1894DA721F79888800E2304E /* TKGFileSystemController.m */,
			);
			path = SupportControllers;
			sourceTree = "<group>";
		};
		18CA6F4A1F796DCF005123EA /* View */ = {
			isa = PBXGroup;
			children = (
				18CA6F4B1F796DEC005123EA /* TKGActivityIndicator.h */,
				18CA6F4C1F796DEC005123EA /* TKGActivityIndicator.m */,
				18E52BF11F7AA6F100461F3E /* TKGURLContentsTableViewCell.h */,
				18E52BF21F7AA6F100461F3E /* TKGURLContentsTableViewCell.m */,
			);
			path = View;
			sourceTree = "<group>";
		};
		18CA6F4E1F796F22005123EA /* DataProviders */ = {
			isa = PBXGroup;
			children = (
				18CA6F4F1F796F6D005123EA /* TKGURLContentsListDataProvider.h */,
				18CA6F501F796F6D005123EA /* TKGURLContentsListDataProvider.m */,
			);
			path = DataProviders;
			sourceTree = "<group>";
		};
/* End PBXGroup section */

/* Begin PBXNativeTarget section */
		18CA6F181F796375005123EA /* URLPuller */ = {
			isa = PBXNativeTarget;
			buildConfigurationList = 18CA6F2F1F796375005123EA /* Build configuration list for PBXNativeTarget "URLPuller" */;
			buildPhases = (
				18CA6F151F796375005123EA /* Sources */,
				18CA6F161F796375005123EA /* Frameworks */,
				18CA6F171F796375005123EA /* Resources */,
			);
			buildRules = (
			);
			dependencies = (
			);
			name = URLPuller;
			productName = URLPuller;
			productReference = 18CA6F191F796375005123EA /* URLPuller.app */;
			productType = "com.apple.product-type.application";
		};
/* End PBXNativeTarget section */

/* Begin PBXProject section */
		18CA6F111F796375005123EA /* Project object */ = {
			isa = PBXProject;
			attributes = {
				LastUpgradeCheck = 0900;
				ORGANIZATIONNAME = "Thomas Ganley";
				TargetAttributes = {
					18CA6F181F796375005123EA = {
						CreatedOnToolsVersion = 9.0;
						ProvisioningStyle = Automatic;
					};
				};
			};
			buildConfigurationList = 18CA6F141F796375005123EA /* Build configuration list for PBXProject "URLPuller" */;
			compatibilityVersion = "Xcode 8.0";
			developmentRegion = en;
			hasScannedForEncodings = 0;
			knownRegions = (
				en,
				Base,
			);
			mainGroup = 18CA6F101F796375005123EA;
			productRefGroup = 18CA6F1A1F796375005123EA /* Products */;
			projectDirPath = "";
			projectRoot = "";
			targets = (
				18CA6F181F796375005123EA /* URLPuller */,
			);
		};
/* End PBXProject section */

/* Begin PBXResourcesBuildPhase section */
		18CA6F171F796375005123EA /* Resources */ = {
			isa = PBXResourcesBuildPhase;
			buildActionMask = 2147483647;
			files = (
				18EFB49C1F79C6E40003AB19 /* Info.plist in Resources */,
				18CA6F291F796375005123EA /* LaunchScreen.storyboard in Resources */,
				18CA6F261F796375005123EA /* Assets.xcassets in Resources */,
				18CA6F241F796375005123EA /* Main.storyboard in Resources */,
			);
			runOnlyForDeploymentPostprocessing = 0;
		};
/* End PBXResourcesBuildPhase section */

/* Begin PBXSourcesBuildPhase section */
		18CA6F151F796375005123EA /* Sources */ = {
			isa = PBXSourcesBuildPhase;
			buildActionMask = 2147483647;
			files = (
				18CA6F2C1F796375005123EA /* main.m in Sources */,
				18CA6F511F796F6D005123EA /* TKGURLContentsListDataProvider.m in Sources */,
				18E52BF31F7AA6F100461F3E /* TKGURLContentsTableViewCell.m in Sources */,
				1894DA701F7982A500E2304E /* TKGNetworkClient.m in Sources */,
				1894DA731F79888800E2304E /* TKGFileSystemController.m in Sources */,
				18CA6F4D1F796DEC005123EA /* TKGActivityIndicator.m in Sources */,
				18CA6F1E1F796375005123EA /* AppDelegate.m in Sources */,
				18CA6F491F796CEC005123EA /* TKGURLPuller.m in Sources */,
				18CA6F431F796C91005123EA /* TKGURLContents.m in Sources */,
				18CA6F3A1F796C00005123EA /* TKGFetchURLContentsViewController.m in Sources */,
				18CA6F461F796CA8005123EA /* TKGURLContentsController.m in Sources */,
				1894DA6D1F79726000E2304E /* TKGMockData.m in Sources */,
				18CA6F3D1F796C26005123EA /* TKGURLContentsListViewController.m in Sources */,
			);
			runOnlyForDeploymentPostprocessing = 0;
		};
/* End PBXSourcesBuildPhase section */

/* Begin PBXVariantGroup section */
		18CA6F221F796375005123EA /* Main.storyboard */ = {
			isa = PBXVariantGroup;
			children = (
				18CA6F231F796375005123EA /* Base */,
			);
			name = Main.storyboard;
			sourceTree = "<group>";
		};
		18CA6F271F796375005123EA /* LaunchScreen.storyboard */ = {
			isa = PBXVariantGroup;
			children = (
				18CA6F281F796375005123EA /* Base */,
			);
			name = LaunchScreen.storyboard;
			sourceTree = "<group>";
		};
/* End PBXVariantGroup section */

/* Begin XCBuildConfiguration section */
		18CA6F2D1F796375005123EA /* Debug */ = {
			isa = XCBuildConfiguration;
			buildSettings = {
				ALWAYS_SEARCH_USER_PATHS = NO;
				CLANG_ANALYZER_NONNULL = YES;
				CLANG_ANALYZER_NUMBER_OBJECT_CONVERSION = YES_AGGRESSIVE;
				CLANG_CXX_LANGUAGE_STANDARD = "gnu++14";
				CLANG_CXX_LIBRARY = "libc++";
				CLANG_ENABLE_MODULES = YES;
				CLANG_ENABLE_OBJC_ARC = YES;
				CLANG_WARN_BLOCK_CAPTURE_AUTORELEASING = YES;
				CLANG_WARN_BOOL_CONVERSION = YES;
				CLANG_WARN_COMMA = YES;
				CLANG_WARN_CONSTANT_CONVERSION = YES;
				CLANG_WARN_DIRECT_OBJC_ISA_USAGE = YES_ERROR;
				CLANG_WARN_DOCUMENTATION_COMMENTS = YES;
				CLANG_WARN_EMPTY_BODY = YES;
				CLANG_WARN_ENUM_CONVERSION = YES;
				CLANG_WARN_INFINITE_RECURSION = YES;
				CLANG_WARN_INT_CONVERSION = YES;
				CLANG_WARN_NON_LITERAL_NULL_CONVERSION = YES;
				CLANG_WARN_OBJC_LITERAL_CONVERSION = YES;
				CLANG_WARN_OBJC_ROOT_CLASS = YES_ERROR;
				CLANG_WARN_RANGE_LOOP_ANALYSIS = YES;
				CLANG_WARN_STRICT_PROTOTYPES = YES;
				CLANG_WARN_SUSPICIOUS_MOVE = YES;
				CLANG_WARN_UNGUARDED_AVAILABILITY = YES_AGGRESSIVE;
				CLANG_WARN_UNREACHABLE_CODE = YES;
				CLANG_WARN__DUPLICATE_METHOD_MATCH = YES;
				CODE_SIGN_IDENTITY = "iPhone Developer";
				COPY_PHASE_STRIP = NO;
				DEBUG_INFORMATION_FORMAT = dwarf;
				ENABLE_STRICT_OBJC_MSGSEND = YES;
				ENABLE_TESTABILITY = YES;
				GCC_C_LANGUAGE_STANDARD = gnu11;
				GCC_DYNAMIC_NO_PIC = NO;
				GCC_NO_COMMON_BLOCKS = YES;
				GCC_OPTIMIZATION_LEVEL = 0;
				GCC_PREPROCESSOR_DEFINITIONS = (
					"DEBUG=1",
					"$(inherited)",
				);
				GCC_WARN_64_TO_32_BIT_CONVERSION = YES;
				GCC_WARN_ABOUT_RETURN_TYPE = YES_ERROR;
				GCC_WARN_UNDECLARED_SELECTOR = YES;
				GCC_WARN_UNINITIALIZED_AUTOS = YES_AGGRESSIVE;
				GCC_WARN_UNUSED_FUNCTION = YES;
				GCC_WARN_UNUSED_VARIABLE = YES;
				IPHONEOS_DEPLOYMENT_TARGET = 11.0;
				MTL_ENABLE_DEBUG_INFO = YES;
				ONLY_ACTIVE_ARCH = YES;
				SDKROOT = iphoneos;
			};
			name = Debug;
		};
		18CA6F2E1F796375005123EA /* Release */ = {
			isa = XCBuildConfiguration;
			buildSettings = {
				ALWAYS_SEARCH_USER_PATHS = NO;
				CLANG_ANALYZER_NONNULL = YES;
				CLANG_ANALYZER_NUMBER_OBJECT_CONVERSION = YES_AGGRESSIVE;
				CLANG_CXX_LANGUAGE_STANDARD = "gnu++14";
				CLANG_CXX_LIBRARY = "libc++";
				CLANG_ENABLE_MODULES = YES;
				CLANG_ENABLE_OBJC_ARC = YES;
				CLANG_WARN_BLOCK_CAPTURE_AUTORELEASING = YES;
				CLANG_WARN_BOOL_CONVERSION = YES;
				CLANG_WARN_COMMA = YES;
				CLANG_WARN_CONSTANT_CONVERSION = YES;
				CLANG_WARN_DIRECT_OBJC_ISA_USAGE = YES_ERROR;
				CLANG_WARN_DOCUMENTATION_COMMENTS = YES;
				CLANG_WARN_EMPTY_BODY = YES;
				CLANG_WARN_ENUM_CONVERSION = YES;
				CLANG_WARN_INFINITE_RECURSION = YES;
				CLANG_WARN_INT_CONVERSION = YES;
				CLANG_WARN_NON_LITERAL_NULL_CONVERSION = YES;
				CLANG_WARN_OBJC_LITERAL_CONVERSION = YES;
				CLANG_WARN_OBJC_ROOT_CLASS = YES_ERROR;
				CLANG_WARN_RANGE_LOOP_ANALYSIS = YES;
				CLANG_WARN_STRICT_PROTOTYPES = YES;
				CLANG_WARN_SUSPICIOUS_MOVE = YES;
				CLANG_WARN_UNGUARDED_AVAILABILITY = YES_AGGRESSIVE;
				CLANG_WARN_UNREACHABLE_CODE = YES;
				CLANG_WARN__DUPLICATE_METHOD_MATCH = YES;
				CODE_SIGN_IDENTITY = "iPhone Developer";
				COPY_PHASE_STRIP = NO;
				DEBUG_INFORMATION_FORMAT = "dwarf-with-dsym";
				ENABLE_NS_ASSERTIONS = NO;
				ENABLE_STRICT_OBJC_MSGSEND = YES;
				GCC_C_LANGUAGE_STANDARD = gnu11;
				GCC_NO_COMMON_BLOCKS = YES;
				GCC_WARN_64_TO_32_BIT_CONVERSION = YES;
				GCC_WARN_ABOUT_RETURN_TYPE = YES_ERROR;
				GCC_WARN_UNDECLARED_SELECTOR = YES;
				GCC_WARN_UNINITIALIZED_AUTOS = YES_AGGRESSIVE;
				GCC_WARN_UNUSED_FUNCTION = YES;
				GCC_WARN_UNUSED_VARIABLE = YES;
				IPHONEOS_DEPLOYMENT_TARGET = 11.0;
				MTL_ENABLE_DEBUG_INFO = NO;
				SDKROOT = iphoneos;
				VALIDATE_PRODUCT = YES;
			};
			name = Release;
		};
		18CA6F301F796375005123EA /* Debug */ = {
			isa = XCBuildConfiguration;
			buildSettings = {
				ASSETCATALOG_COMPILER_APPICON_NAME = AppIcon;
				CODE_SIGN_STYLE = Automatic;
				DEVELOPMENT_TEAM = QFVJ6KY7E2;
				INFOPLIST_FILE = URLPuller/Info.plist;
				LD_RUNPATH_SEARCH_PATHS = "$(inherited) @executable_path/Frameworks";
				PRODUCT_BUNDLE_IDENTIFIER = com.ganleyapps.URLPuller;
				PRODUCT_NAME = "$(TARGET_NAME)";
				TARGETED_DEVICE_FAMILY = "1,2";
			};
			name = Debug;
		};
		18CA6F311F796375005123EA /* Release */ = {
			isa = XCBuildConfiguration;
			buildSettings = {
				ASSETCATALOG_COMPILER_APPICON_NAME = AppIcon;
				CODE_SIGN_STYLE = Automatic;
				DEVELOPMENT_TEAM = QFVJ6KY7E2;
				INFOPLIST_FILE = URLPuller/Info.plist;
				LD_RUNPATH_SEARCH_PATHS = "$(inherited) @executable_path/Frameworks";
				PRODUCT_BUNDLE_IDENTIFIER = com.ganleyapps.URLPuller;
				PRODUCT_NAME = "$(TARGET_NAME)";
				TARGETED_DEVICE_FAMILY = "1,2";
			};
			name = Release;
		};
/* End XCBuildConfiguration section */

/* Begin XCConfigurationList section */
		18CA6F141F796375005123EA /* Build configuration list for PBXProject "URLPuller" */ = {
			isa = XCConfigurationList;
			buildConfigurations = (
				18CA6F2D1F796375005123EA /* Debug */,
				18CA6F2E1F796375005123EA /* Release */,
			);
			defaultConfigurationIsVisible = 0;
			defaultConfigurationName = Release;
		};
		18CA6F2F1F796375005123EA /* Build configuration list for PBXNativeTarget "URLPuller" */ = {
			isa = XCConfigurationList;
			buildConfigurations = (
				18CA6F301F796375005123EA /* Debug */,
				18CA6F311F796375005123EA /* Release */,
			);
			defaultConfigurationIsVisible = 0;
			defaultConfigurationName = Release;
		};
/* End XCConfigurationList section */
	};
	rootObject = 18CA6F111F796375005123EA /* Project object */;
}
